
Microsoft Visual Studio Solution File, Format Version 12.00
# Visual Studio Version 16
VisualStudioVersion = 16.0.30717.126
MinimumVisualStudioVersion = 10.0.40219.1
Project("{FAE04EC0-301F-11D3-BF4B-00C04F79EFBC}") = "PicBuilder", "PicBuilder.csproj", "{0B14774E-8676-4EA3-A300-E7FF633968D8}"
EndProject
Global
	GlobalSection(SolutionConfigurationPlatforms) = preSolution
		Debug|Any CPU = Debug|Any CPU
		Release|Any CPU = Release|Any CPU
	EndGlobalSection
	GlobalSection(ProjectConfigurationPlatforms) = postSolution
		{0B14774E-8676-4EA3-A300-E7FF633968D8}.Debug|Any CPU.ActiveCfg = Debug|Any CPU
		{0B14774E-8676-4EA3-A300-E7FF633968D8}.Debug|Any CPU.Build.0 = Debug|Any CPU
		{0B14774E-8676-4EA3-A300-E7FF633968D8}.Release|Any CPU.ActiveCfg = Release|Any CPU
		{0B14774E-8676-4EA3-A300-E7FF633968D8}.Release|Any CPU.Build.0 = Release|Any CPU
	EndGlobalSection
	GlobalSection(SolutionProperties) = preSolution
		HideSolutionNode = FALSE
	EndGlobalSection
	GlobalSection(ExtensibilityGlobals) = postSolution
		SolutionGuid = {579D7B9D-9EA2-446D-94D0-28A37305156A}
	EndGlobalSection
EndGlobal
