
Microsoft Visual Studio Solution File, Format Version 12.00
# Visual Studio Version 16
VisualStudioVersion = 16.0.30413.136
MinimumVisualStudioVersion = 10.0.40219.1
Project("{FAE04EC0-301F-11D3-BF4B-00C04F79EFBC}") = "DecoderBuilder", "DecoderBuilder.csproj", "{03507096-E544-4268-8BCC-70C4624F1D9A}"
EndProject
Global
	GlobalSection(SolutionConfigurationPlatforms) = preSolution
		Debug|Any CPU = Debug|Any CPU
		Release|Any CPU = Release|Any CPU
	EndGlobalSection
	GlobalSection(ProjectConfigurationPlatforms) = postSolution
		{03507096-E544-4268-8BCC-70C4624F1D9A}.Debug|Any CPU.ActiveCfg = Debug|Any CPU
		{03507096-E544-4268-8BCC-70C4624F1D9A}.Debug|Any CPU.Build.0 = Debug|Any CPU
		{03507096-E544-4268-8BCC-70C4624F1D9A}.Release|Any CPU.ActiveCfg = Release|Any CPU
		{03507096-E544-4268-8BCC-70C4624F1D9A}.Release|Any CPU.Build.0 = Release|Any CPU
	EndGlobalSection
	GlobalSection(SolutionProperties) = preSolution
		HideSolutionNode = FALSE
	EndGlobalSection
	GlobalSection(ExtensibilityGlobals) = postSolution
		SolutionGuid = {C8246279-76FB-40B0-BC79-82192C5D8746}
	EndGlobalSection
EndGlobal
