
Microsoft Visual Studio Solution File, Format Version 12.00
# Visual Studio Version 16
VisualStudioVersion = 16.0.30413.136
MinimumVisualStudioVersion = 10.0.40219.1
Project("{FAE04EC0-301F-11D3-BF4B-00C04F79EFBC}") = "Emulator", "Emulator.csproj", "{0DE5024C-2F97-450B-A323-360F1CDFA6B8}"
EndProject
Global
	GlobalSection(SolutionConfigurationPlatforms) = preSolution
		Debug|Any CPU = Debug|Any CPU
		Release|Any CPU = Release|Any CPU
	EndGlobalSection
	GlobalSection(ProjectConfigurationPlatforms) = postSolution
		{0DE5024C-2F97-450B-A323-360F1CDFA6B8}.Debug|Any CPU.ActiveCfg = Debug|Any CPU
		{0DE5024C-2F97-450B-A323-360F1CDFA6B8}.Debug|Any CPU.Build.0 = Debug|Any CPU
		{0DE5024C-2F97-450B-A323-360F1CDFA6B8}.Release|Any CPU.ActiveCfg = Release|Any CPU
		{0DE5024C-2F97-450B-A323-360F1CDFA6B8}.Release|Any CPU.Build.0 = Release|Any CPU
	EndGlobalSection
	GlobalSection(SolutionProperties) = preSolution
		HideSolutionNode = FALSE
	EndGlobalSection
	GlobalSection(ExtensibilityGlobals) = postSolution
		SolutionGuid = {7D538CDF-8F11-4FBA-8BE3-D4124004DE3E}
	EndGlobalSection
EndGlobal
